
Microsoft Visual Studio Solution File, Format Version 12.00
# Visual Studio 15
VisualStudioVersion = 15.0.27130.2036
MinimumVisualStudioVersion = 10.0.40219.1
Project("{FAE04EC0-301F-11D3-BF4B-00C04F79EFBC}") = "OOP_lab_4", "OOP_lab_4\OOP_lab_4.csproj", "{8EE2C8A6-AFDD-4D37-A334-EAD89989379D}"
EndProject
Global
	GlobalSection(SolutionConfigurationPlatforms) = preSolution
		Debug|Any CPU = Debug|Any CPU
		Release|Any CPU = Release|Any CPU
	EndGlobalSection
	GlobalSection(ProjectConfigurationPlatforms) = postSolution
		{8EE2C8A6-AFDD-4D37-A334-EAD89989379D}.Debug|Any CPU.ActiveCfg = Debug|Any CPU
		{8EE2C8A6-AFDD-4D37-A334-EAD89989379D}.Debug|Any CPU.Build.0 = Debug|Any CPU
		{8EE2C8A6-AFDD-4D37-A334-EAD89989379D}.Release|Any CPU.ActiveCfg = Release|Any CPU
		{8EE2C8A6-AFDD-4D37-A334-EAD89989379D}.Release|Any CPU.Build.0 = Release|Any CPU
	EndGlobalSection
	GlobalSection(SolutionProperties) = preSolution
		HideSolutionNode = FALSE
	EndGlobalSection
	GlobalSection(ExtensibilityGlobals) = postSolution
		SolutionGuid = {AC5CD2B4-F67E-4845-B669-2FA45F462428}
	EndGlobalSection
EndGlobal
